
Microsoft Visual Studio Solution File, Format Version 12.00
# Visual Studio 2013
VisualStudioVersion = 12.0.31101.0
MinimumVisualStudioVersion = 10.0.40219.1
Project("{FAE04EC0-301F-11D3-BF4B-00C04F79EFBC}") = "WpfSample", "WpfSample\WpfSample.csproj", "{C6FD6E64-B6D5-468E-BA33-910BD27129C3}"
EndProject
Project("{FAE04EC0-301F-11D3-BF4B-00C04F79EFBC}") = "UriListModel", "UriListModel\UriListModel.csproj", "{E1D64355-C791-41CD-A094-48DA8C61919A}"
EndProject
Project("{FAE04EC0-301F-11D3-BF4B-00C04F79EFBC}") = "UriListViewModel", "UriListViewModel\UriListViewModel.csproj", "{195C2DF7-347F-473F-B3A7-6B7DA076F09E}"
EndProject
Project("{FAE04EC0-301F-11D3-BF4B-00C04F79EFBC}") = "AvalonDockSample", "AvalonDockSample\AvalonDockSample.csproj", "{A4EF1FB9-4E95-4190-93B2-6179009E3BCD}"
EndProject
Project("{FAE04EC0-301F-11D3-BF4B-00C04F79EFBC}") = "AvalonDockUtil", "AvalonDockUtil\AvalonDockUtil.csproj", "{58531A00-FEB5-4CD8-A0F4-99550F80ADFE}"
EndProject
Project("{FAE04EC0-301F-11D3-BF4B-00C04F79EFBC}") = "AvalonDockMVVMSample", "AvalonDockMVVMSample\AvalonDockMVVMSample.csproj", "{6B91BE1E-B934-4691-89E1-9A54A2462F52}"
EndProject
Global
	GlobalSection(SolutionConfigurationPlatforms) = preSolution
		Debug|Any CPU = Debug|Any CPU
		Release|Any CPU = Release|Any CPU
	EndGlobalSection
	GlobalSection(ProjectConfigurationPlatforms) = postSolution
		{C6FD6E64-B6D5-468E-BA33-910BD27129C3}.Debug|Any CPU.ActiveCfg = Debug|Any CPU
		{C6FD6E64-B6D5-468E-BA33-910BD27129C3}.Debug|Any CPU.Build.0 = Debug|Any CPU
		{C6FD6E64-B6D5-468E-BA33-910BD27129C3}.Release|Any CPU.ActiveCfg = Release|Any CPU
		{C6FD6E64-B6D5-468E-BA33-910BD27129C3}.Release|Any CPU.Build.0 = Release|Any CPU
		{E1D64355-C791-41CD-A094-48DA8C61919A}.Debug|Any CPU.ActiveCfg = Debug|Any CPU
		{E1D64355-C791-41CD-A094-48DA8C61919A}.Debug|Any CPU.Build.0 = Debug|Any CPU
		{E1D64355-C791-41CD-A094-48DA8C61919A}.Release|Any CPU.ActiveCfg = Release|Any CPU
		{E1D64355-C791-41CD-A094-48DA8C61919A}.Release|Any CPU.Build.0 = Release|Any CPU
		{195C2DF7-347F-473F-B3A7-6B7DA076F09E}.Debug|Any CPU.ActiveCfg = Debug|Any CPU
		{195C2DF7-347F-473F-B3A7-6B7DA076F09E}.Debug|Any CPU.Build.0 = Debug|Any CPU
		{195C2DF7-347F-473F-B3A7-6B7DA076F09E}.Release|Any CPU.ActiveCfg = Release|Any CPU
		{195C2DF7-347F-473F-B3A7-6B7DA076F09E}.Release|Any CPU.Build.0 = Release|Any CPU
		{A4EF1FB9-4E95-4190-93B2-6179009E3BCD}.Debug|Any CPU.ActiveCfg = Debug|Any CPU
		{A4EF1FB9-4E95-4190-93B2-6179009E3BCD}.Debug|Any CPU.Build.0 = Debug|Any CPU
		{A4EF1FB9-4E95-4190-93B2-6179009E3BCD}.Release|Any CPU.ActiveCfg = Release|Any CPU
		{A4EF1FB9-4E95-4190-93B2-6179009E3BCD}.Release|Any CPU.Build.0 = Release|Any CPU
		{58531A00-FEB5-4CD8-A0F4-99550F80ADFE}.Debug|Any CPU.ActiveCfg = Debug|Any CPU
		{58531A00-FEB5-4CD8-A0F4-99550F80ADFE}.Debug|Any CPU.Build.0 = Debug|Any CPU
		{58531A00-FEB5-4CD8-A0F4-99550F80ADFE}.Release|Any CPU.ActiveCfg = Release|Any CPU
		{58531A00-FEB5-4CD8-A0F4-99550F80ADFE}.Release|Any CPU.Build.0 = Release|Any CPU
		{6B91BE1E-B934-4691-89E1-9A54A2462F52}.Debug|Any CPU.ActiveCfg = Debug|Any CPU
		{6B91BE1E-B934-4691-89E1-9A54A2462F52}.Debug|Any CPU.Build.0 = Debug|Any CPU
		{6B91BE1E-B934-4691-89E1-9A54A2462F52}.Release|Any CPU.ActiveCfg = Release|Any CPU
		{6B91BE1E-B934-4691-89E1-9A54A2462F52}.Release|Any CPU.Build.0 = Release|Any CPU
	EndGlobalSection
	GlobalSection(SolutionProperties) = preSolution
		HideSolutionNode = FALSE
	EndGlobalSection
EndGlobal
